// !$*UTF8*$!
{
	archiveVersion = 1;
	classes = {
	};
	objectVersion = 46;
	objects = {

/* Begin PBXBuildFile section */
		305DA3821D5A3D5F00EB8262 /* AppDelegate.swift in Sources */ = {isa = PBXBuildFile; fileRef = 305DA3811D5A3D5F00EB8262 /* AppDelegate.swift */; };
		305DA3841D5A3D5F00EB8262 /* ViewController.swift in Sources */ = {isa = PBXBuildFile; fileRef = 305DA3831D5A3D5F00EB8262 /* ViewController.swift */; };
		305DA3871D5A3D5F00EB8262 /* Main.storyboard in Resources */ = {isa = PBXBuildFile; fileRef = 305DA3851D5A3D5F00EB8262 /* Main.storyboard */; };
		305DA3891D5A3D6000EB8262 /* Assets.xcassets in Resources */ = {isa = PBXBuildFile; fileRef = 305DA3881D5A3D6000EB8262 /* Assets.xcassets */; };
		305DA38C1D5A3D6000EB8262 /* LaunchScreen.storyboard in Resources */ = {isa = PBXBuildFile; fileRef = 305DA38A1D5A3D6000EB8262 /* LaunchScreen.storyboard */; };
		305DA3971D5A3D6000EB8262 /* MyMusicAppTests.swift in Sources */ = {isa = PBXBuildFile; fileRef = 305DA3961D5A3D6000EB8262 /* MyMusicAppTests.swift */; };
		305DA3A21D5A3D6000EB8262 /* MyMusicAppUITests.swift in Sources */ = {isa = PBXBuildFile; fileRef = 305DA3A11D5A3D6000EB8262 /* MyMusicAppUITests.swift */; };
/* End PBXBuildFile section */

/* Begin PBXContainerItemProxy section */
		305DA3931D5A3D6000EB8262 /* PBXContainerItemProxy */ = {
			isa = PBXContainerItemProxy;
			containerPortal = 305DA3761D5A3D5D00EB8262 /* Project object */;
			proxyType = 1;
			remoteGlobalIDString = 305DA37D1D5A3D5D00EB8262;
			remoteInfo = MyMusicApp;
		};
		305DA39E1D5A3D6000EB8262 /* PBXContainerItemProxy */ = {
			isa = PBXContainerItemProxy;
			containerPortal = 305DA3761D5A3D5D00EB8262 /* Project object */;
			proxyType = 1;
			remoteGlobalIDString = 305DA37D1D5A3D5D00EB8262;
			remoteInfo = MyMusicApp;
		};
/* End PBXContainerItemProxy section */

/* Begin PBXFileReference section */
		305DA37E1D5A3D5E00EB8262 /* MyMusicApp.app */ = {isa = PBXFileReference; explicitFileType = wrapper.application; includeInIndex = 0; path = MyMusicApp.app; sourceTree = BUILT_PRODUCTS_DIR; };
		305DA3811D5A3D5F00EB8262 /* AppDelegate.swift */ = {isa = PBXFileReference; lastKnownFileType = sourcecode.swift; path = AppDelegate.swift; sourceTree = "<group>"; };
		305DA3831D5A3D5F00EB8262 /* ViewController.swift */ = {isa = PBXFileReference; lastKnownFileType = sourcecode.swift; path = ViewController.swift; sourceTree = "<group>"; };
		305DA3861D5A3D5F00EB8262 /* Base */ = {isa = PBXFileReference; lastKnownFileType = file.storyboard; name = Base; path = Base.lproj/Main.storyboard; sourceTree = "<group>"; };
		305DA3881D5A3D6000EB8262 /* Assets.xcassets */ = {isa = PBXFileReference; lastKnownFileType = folder.assetcatalog; path = Assets.xcassets; sourceTree = "<group>"; };
		305DA38B1D5A3D6000EB8262 /* Base */ = {isa = PBXFileReference; lastKnownFileType = file.storyboard; name = Base; path = Base.lproj/LaunchScreen.storyboard; sourceTree = "<group>"; };
		305DA38D1D5A3D6000EB8262 /* Info.plist */ = {isa = PBXFileReference; lastKnownFileType = text.plist.xml; path = Info.plist; sourceTree = "<group>"; };
		305DA3921D5A3D6000EB8262 /* MyMusicAppTests.xctest */ = {isa = PBXFileReference; explicitFileType = wrapper.cfbundle; includeInIndex = 0; path = MyMusicAppTests.xctest; sourceTree = BUILT_PRODUCTS_DIR; };
		305DA3961D5A3D6000EB8262 /* MyMusicAppTests.swift */ = {isa = PBXFileReference; lastKnownFileType = sourcecode.swift; path = MyMusicAppTests.swift; sourceTree = "<group>"; };
		305DA3981D5A3D6000EB8262 /* Info.plist */ = {isa = PBXFileReference; lastKnownFileType = text.plist.xml; path = Info.plist; sourceTree = "<group>"; };
		305DA39D1D5A3D6000EB8262 /* MyMusicAppUITests.xctest */ = {isa = PBXFileReference; explicitFileType = wrapper.cfbundle; includeInIndex = 0; path = MyMusicAppUITests.xctest; sourceTree = BUILT_PRODUCTS_DIR; };
		305DA3A11D5A3D6000EB8262 /* MyMusicAppUITests.swift */ = {isa = PBXFileReference; lastKnownFileType = sourcecode.swift; path = MyMusicAppUITests.swift; sourceTree = "<group>"; };
		305DA3A31D5A3D6000EB8262 /* Info.plist */ = {isa = PBXFileReference; lastKnownFileType = text.plist.xml; path = Info.plist; sourceTree = "<group>"; };
/* End PBXFileReference section */

/* Begin PBXFrameworksBuildPhase section */
		305DA37B1D5A3D5D00EB8262 /* Frameworks */ = {
			isa = PBXFrameworksBuildPhase;
			buildActionMask = 2147483647;
			files = (
			);
			runOnlyForDeploymentPostprocessing = 0;
		};
		305DA38F1D5A3D6000EB8262 /* Frameworks */ = {
			isa = PBXFrameworksBuildPhase;
			buildActionMask = 2147483647;
			files = (
			);
			runOnlyForDeploymentPostprocessing = 0;
		};
		305DA39A1D5A3D6000EB8262 /* Frameworks */ = {
			isa = PBXFrameworksBuildPhase;
			buildActionMask = 2147483647;
			files = (
			);
			runOnlyForDeploymentPostprocessing = 0;
		};
/* End PBXFrameworksBuildPhase section */

/* Begin PBXGroup section */
		305DA3751D5A3D5D00EB8262 = {
			isa = PBXGroup;
			children = (
				305DA3801D5A3D5F00EB8262 /* MyMusicApp */,
				305DA3951D5A3D6000EB8262 /* MyMusicAppTests */,
				305DA3A01D5A3D6000EB8262 /* MyMusicAppUITests */,
				305DA37F1D5A3D5E00EB8262 /* Products */,
			);
			sourceTree = "<group>";
		};
		305DA37F1D5A3D5E00EB8262 /* Products */ = {
			isa = PBXGroup;
			children = (
				305DA37E1D5A3D5E00EB8262 /* MyMusicApp.app */,
				305DA3921D5A3D6000EB8262 /* MyMusicAppTests.xctest */,
				305DA39D1D5A3D6000EB8262 /* MyMusicAppUITests.xctest */,
			);
			name = Products;
			sourceTree = "<group>";
		};
		305DA3801D5A3D5F00EB8262 /* MyMusicApp */ = {
			isa = PBXGroup;
			children = (
				305DA3B21D5A3EE400EB8262 /* Supporting Files */,
				305DA3AF1D5A3EB300EB8262 /* Model */,
				305DA3B01D5A3EC200EB8262 /* Controller */,
				305DA3B11D5A3ECE00EB8262 /* View */,
			);
			path = MyMusicApp;
			sourceTree = "<group>";
		};
		305DA3951D5A3D6000EB8262 /* MyMusicAppTests */ = {
			isa = PBXGroup;
			children = (
				305DA3961D5A3D6000EB8262 /* MyMusicAppTests.swift */,
				305DA3981D5A3D6000EB8262 /* Info.plist */,
			);
			path = MyMusicAppTests;
			sourceTree = "<group>";
		};
		305DA3A01D5A3D6000EB8262 /* MyMusicAppUITests */ = {
			isa = PBXGroup;
			children = (
				305DA3A11D5A3D6000EB8262 /* MyMusicAppUITests.swift */,
				305DA3A31D5A3D6000EB8262 /* Info.plist */,
			);
			path = MyMusicAppUITests;
			sourceTree = "<group>";
		};
		305DA3AF1D5A3EB300EB8262 /* Model */ = {
			isa = PBXGroup;
			children = (
			);
			name = Model;
			sourceTree = "<group>";
		};
		305DA3B01D5A3EC200EB8262 /* Controller */ = {
			isa = PBXGroup;
			children = (
				305DA3831D5A3D5F00EB8262 /* ViewController.swift */,
			);
			name = Controller;
			sourceTree = "<group>";
		};
		305DA3B11D5A3ECE00EB8262 /* View */ = {
			isa = PBXGroup;
			children = (
				305DA38A1D5A3D6000EB8262 /* LaunchScreen.storyboard */,
				305DA3851D5A3D5F00EB8262 /* Main.storyboard */,
			);
			name = View;
			sourceTree = "<group>";
		};
		305DA3B21D5A3EE400EB8262 /* Supporting Files */ = {
			isa = PBXGroup;
			children = (
				305DA3881D5A3D6000EB8262 /* Assets.xcassets */,
				305DA38D1D5A3D6000EB8262 /* Info.plist */,
				305DA3811D5A3D5F00EB8262 /* AppDelegate.swift */,
			);
			name = "Supporting Files";
			sourceTree = "<group>";
		};
/* End PBXGroup section */

/* Begin PBXNativeTarget section */
		305DA37D1D5A3D5D00EB8262 /* MyMusicApp */ = {
			isa = PBXNativeTarget;
			buildConfigurationList = 305DA3A61D5A3D6000EB8262 /* Build configuration list for PBXNativeTarget "MyMusicApp" */;
			buildPhases = (
				305DA37A1D5A3D5D00EB8262 /* Sources */,
				305DA37B1D5A3D5D00EB8262 /* Frameworks */,
				305DA37C1D5A3D5D00EB8262 /* Resources */,
			);
			buildRules = (
			);
			dependencies = (
			);
			name = MyMusicApp;
			productName = MyMusicApp;
			productReference = 305DA37E1D5A3D5E00EB8262 /* MyMusicApp.app */;
			productType = "com.apple.product-type.application";
		};
		305DA3911D5A3D6000EB8262 /* MyMusicAppTests */ = {
			isa = PBXNativeTarget;
			buildConfigurationList = 305DA3A91D5A3D6000EB8262 /* Build configuration list for PBXNativeTarget "MyMusicAppTests" */;
			buildPhases = (
				305DA38E1D5A3D6000EB8262 /* Sources */,
				305DA38F1D5A3D6000EB8262 /* Frameworks */,
				305DA3901D5A3D6000EB8262 /* Resources */,
			);
			buildRules = (
			);
			dependencies = (
				305DA3941D5A3D6000EB8262 /* PBXTargetDependency */,
			);
			name = MyMusicAppTests;
			productName = MyMusicAppTests;
			productReference = 305DA3921D5A3D6000EB8262 /* MyMusicAppTests.xctest */;
			productType = "com.apple.product-type.bundle.unit-test";
		};
		305DA39C1D5A3D6000EB8262 /* MyMusicAppUITests */ = {
			isa = PBXNativeTarget;
			buildConfigurationList = 305DA3AC1D5A3D6000EB8262 /* Build configuration list for PBXNativeTarget "MyMusicAppUITests" */;
			buildPhases = (
				305DA3991D5A3D6000EB8262 /* Sources */,
				305DA39A1D5A3D6000EB8262 /* Frameworks */,
				305DA39B1D5A3D6000EB8262 /* Resources */,
			);
			buildRules = (
			);
			dependencies = (
				305DA39F1D5A3D6000EB8262 /* PBXTargetDependency */,
			);
			name = MyMusicAppUITests;
			productName = MyMusicAppUITests;
			productReference = 305DA39D1D5A3D6000EB8262 /* MyMusicAppUITests.xctest */;
			productType = "com.apple.product-type.bundle.ui-testing";
		};
/* End PBXNativeTarget section */

/* Begin PBXProject section */
		305DA3761D5A3D5D00EB8262 /* Project object */ = {
			isa = PBXProject;
			attributes = {
				LastSwiftUpdateCheck = 0730;
				LastUpgradeCheck = 0730;
				ORGANIZATIONNAME = "Sreeram R";
				TargetAttributes = {
					305DA37D1D5A3D5D00EB8262 = {
						CreatedOnToolsVersion = 7.3.1;
						DevelopmentTeam = 8RB5CQR8AJ;
					};
					305DA3911D5A3D6000EB8262 = {
						CreatedOnToolsVersion = 7.3.1;
						DevelopmentTeam = 8RB5CQR8AJ;
						TestTargetID = 305DA37D1D5A3D5D00EB8262;
					};
					305DA39C1D5A3D6000EB8262 = {
						CreatedOnToolsVersion = 7.3.1;
						DevelopmentTeam = 8RB5CQR8AJ;
						TestTargetID = 305DA37D1D5A3D5D00EB8262;
					};
				};
			};
			buildConfigurationList = 305DA3791D5A3D5D00EB8262 /* Build configuration list for PBXProject "MyMusicApp" */;
			compatibilityVersion = "Xcode 3.2";
			developmentRegion = English;
			hasScannedForEncodings = 0;
			knownRegions = (
				en,
				Base,
			);
			mainGroup = 305DA3751D5A3D5D00EB8262;
			productRefGroup = 305DA37F1D5A3D5E00EB8262 /* Products */;
			projectDirPath = "";
			projectRoot = "";
			targets = (
				305DA37D1D5A3D5D00EB8262 /* MyMusicApp */,
				305DA3911D5A3D6000EB8262 /* MyMusicAppTests */,
				305DA39C1D5A3D6000EB8262 /* MyMusicAppUITests */,
			);
		};
/* End PBXProject section */

/* Begin PBXResourcesBuildPhase section */
		305DA37C1D5A3D5D00EB8262 /* Resources */ = {
			isa = PBXResourcesBuildPhase;
			buildActionMask = 2147483647;
			files = (
				305DA38C1D5A3D6000EB8262 /* LaunchScreen.storyboard in Resources */,
				305DA3891D5A3D6000EB8262 /* Assets.xcassets in Resources */,
				305DA3871D5A3D5F00EB8262 /* Main.storyboard in Resources */,
			);
			runOnlyForDeploymentPostprocessing = 0;
		};
		305DA3901D5A3D6000EB8262 /* Resources */ = {
			isa = PBXResourcesBuildPhase;
			buildActionMask = 2147483647;
			files = (
			);
			runOnlyForDeploymentPostprocessing = 0;
		};
		305DA39B1D5A3D6000EB8262 /* Resources */ = {
			isa = PBXResourcesBuildPhase;
			buildActionMask = 2147483647;
			files = (
			);
			runOnlyForDeploymentPostprocessing = 0;
		};
/* End PBXResourcesBuildPhase section */

/* Begin PBXSourcesBuildPhase section */
		305DA37A1D5A3D5D00EB8262 /* Sources */ = {
			isa = PBXSourcesBuildPhase;
			buildActionMask = 2147483647;
			files = (
				305DA3841D5A3D5F00EB8262 /* ViewController.swift in Sources */,
				305DA3821D5A3D5F00EB8262 /* AppDelegate.swift in Sources */,
			);
			runOnlyForDeploymentPostprocessing = 0;
		};
		305DA38E1D5A3D6000EB8262 /* Sources */ = {
			isa = PBXSourcesBuildPhase;
			buildActionMask = 2147483647;
			files = (
				305DA3971D5A3D6000EB8262 /* MyMusicAppTests.swift in Sources */,
			);
			runOnlyForDeploymentPostprocessing = 0;
		};
		305DA3991D5A3D6000EB8262 /* Sources */ = {
			isa = PBXSourcesBuildPhase;
			buildActionMask = 2147483647;
			files = (
				305DA3A21D5A3D6000EB8262 /* MyMusicAppUITests.swift in Sources */,
			);
			runOnlyForDeploymentPostprocessing = 0;
		};
/* End PBXSourcesBuildPhase section */

/* Begin PBXTargetDependency section */
		305DA3941D5A3D6000EB8262 /* PBXTargetDependency */ = {
			isa = PBXTargetDependency;
			target = 305DA37D1D5A3D5D00EB8262 /* MyMusicApp */;
			targetProxy = 305DA3931D5A3D6000EB8262 /* PBXContainerItemProxy */;
		};
		305DA39F1D5A3D6000EB8262 /* PBXTargetDependency */ = {
			isa = PBXTargetDependency;
			target = 305DA37D1D5A3D5D00EB8262 /* MyMusicApp */;
			targetProxy = 305DA39E1D5A3D6000EB8262 /* PBXContainerItemProxy */;
		};
/* End PBXTargetDependency section */

/* Begin PBXVariantGroup section */
		305DA3851D5A3D5F00EB8262 /* Main.storyboard */ = {
			isa = PBXVariantGroup;
			children = (
				305DA3861D5A3D5F00EB8262 /* Base */,
			);
			name = Main.storyboard;
			sourceTree = "<group>";
		};
		305DA38A1D5A3D6000EB8262 /* LaunchScreen.storyboard */ = {
			isa = PBXVariantGroup;
			children = (
				305DA38B1D5A3D6000EB8262 /* Base */,
			);
			name = LaunchScreen.storyboard;
			sourceTree = "<group>";
		};
/* End PBXVariantGroup section */

/* Begin XCBuildConfiguration section */
		305DA3A41D5A3D6000EB8262 /* Debug */ = {
			isa = XCBuildConfiguration;
			buildSettings = {
				ALWAYS_SEARCH_USER_PATHS = NO;
				CLANG_ANALYZER_NONNULL = YES;
				CLANG_CXX_LANGUAGE_STANDARD = "gnu++0x";
				CLANG_CXX_LIBRARY = "libc++";
				CLANG_ENABLE_MODULES = YES;
				CLANG_ENABLE_OBJC_ARC = YES;
				CLANG_WARN_BOOL_CONVERSION = YES;
				CLANG_WARN_CONSTANT_CONVERSION = YES;
				CLANG_WARN_DIRECT_OBJC_ISA_USAGE = YES_ERROR;
				CLANG_WARN_EMPTY_BODY = YES;
				CLANG_WARN_ENUM_CONVERSION = YES;
				CLANG_WARN_INT_CONVERSION = YES;
				CLANG_WARN_OBJC_ROOT_CLASS = YES_ERROR;
				CLANG_WARN_UNREACHABLE_CODE = YES;
				CLANG_WARN__DUPLICATE_METHOD_MATCH = YES;
				"CODE_SIGN_IDENTITY[sdk=iphoneos*]" = "iPhone Developer";
				COPY_PHASE_STRIP = NO;
				DEBUG_INFORMATION_FORMAT = dwarf;
				ENABLE_STRICT_OBJC_MSGSEND = YES;
				ENABLE_TESTABILITY = YES;
				GCC_C_LANGUAGE_STANDARD = gnu99;
				GCC_DYNAMIC_NO_PIC = NO;
				GCC_NO_COMMON_BLOCKS = YES;
				GCC_OPTIMIZATION_LEVEL = 0;
				GCC_PREPROCESSOR_DEFINITIONS = (
					"DEBUG=1",
					"$(inherited)",
				);
				GCC_WARN_64_TO_32_BIT_CONVERSION = YES;
				GCC_WARN_ABOUT_RETURN_TYPE = YES_ERROR;
				GCC_WARN_UNDECLARED_SELECTOR = YES;
				GCC_WARN_UNINITIALIZED_AUTOS = YES_AGGRESSIVE;
				GCC_WARN_UNUSED_FUNCTION = YES;
				GCC_WARN_UNUSED_VARIABLE = YES;
				IPHONEOS_DEPLOYMENT_TARGET = 9.3;
				MTL_ENABLE_DEBUG_INFO = YES;
				ONLY_ACTIVE_ARCH = YES;
				SDKROOT = iphoneos;
				SWIFT_OPTIMIZATION_LEVEL = "-Onone";
				TARGETED_DEVICE_FAMILY = "1,2";
			};
			name = Debug;
		};
		305DA3A51D5A3D6000EB8262 /* Release */ = {
			isa = XCBuildConfiguration;
			buildSettings = {
				ALWAYS_SEARCH_USER_PATHS = NO;
				CLANG_ANALYZER_NONNULL = YES;
				CLANG_CXX_LANGUAGE_STANDARD = "gnu++0x";
				CLANG_CXX_LIBRARY = "libc++";
				CLANG_ENABLE_MODULES = YES;
				CLANG_ENABLE_OBJC_ARC = YES;
				CLANG_WARN_BOOL_CONVERSION = YES;
				CLANG_WARN_CONSTANT_CONVERSION = YES;
				CLANG_WARN_DIRECT_OBJC_ISA_USAGE = YES_ERROR;
				CLANG_WARN_EMPTY_BODY = YES;
				CLANG_WARN_ENUM_CONVERSION = YES;
				CLANG_WARN_INT_CONVERSION = YES;
				CLANG_WARN_OBJC_ROOT_CLASS = YES_ERROR;
				CLANG_WARN_UNREACHABLE_CODE = YES;
				CLANG_WARN__DUPLICATE_METHOD_MATCH = YES;
				"CODE_SIGN_IDENTITY[sdk=iphoneos*]" = "iPhone Developer";
				COPY_PHASE_STRIP = NO;
				DEBUG_INFORMATION_FORMAT = "dwarf-with-dsym";
				ENABLE_NS_ASSERTIONS = NO;
				ENABLE_STRICT_OBJC_MSGSEND = YES;
				GCC_C_LANGUAGE_STANDARD = gnu99;
				GCC_NO_COMMON_BLOCKS = YES;
				GCC_WARN_64_TO_32_BIT_CONVERSION = YES;
				GCC_WARN_ABOUT_RETURN_TYPE = YES_ERROR;
				GCC_WARN_UNDECLARED_SELECTOR = YES;
				GCC_WARN_UNINITIALIZED_AUTOS = YES_AGGRESSIVE;
				GCC_WARN_UNUSED_FUNCTION = YES;
				GCC_WARN_UNUSED_VARIABLE = YES;
				IPHONEOS_DEPLOYMENT_TARGET = 9.3;
				MTL_ENABLE_DEBUG_INFO = NO;
				SDKROOT = iphoneos;
				TARGETED_DEVICE_FAMILY = "1,2";
				VALIDATE_PRODUCT = YES;
			};
			name = Release;
		};
		305DA3A71D5A3D6000EB8262 /* Debug */ = {
			isa = XCBuildConfiguration;
			buildSettings = {
				ASSETCATALOG_COMPILER_APPICON_NAME = AppIcon;
				INFOPLIST_FILE = MyMusicApp/Info.plist;
				LD_RUNPATH_SEARCH_PATHS = "$(inherited) @executable_path/Frameworks";
				PRODUCT_BUNDLE_IDENTIFIER = SR.MyMusicApp;
				PRODUCT_NAME = "$(TARGET_NAME)";
			};
			name = Debug;
		};
		305DA3A81D5A3D6000EB8262 /* Release */ = {
			isa = XCBuildConfiguration;
			buildSettings = {
				ASSETCATALOG_COMPILER_APPICON_NAME = AppIcon;
				INFOPLIST_FILE = MyMusicApp/Info.plist;
				LD_RUNPATH_SEARCH_PATHS = "$(inherited) @executable_path/Frameworks";
				PRODUCT_BUNDLE_IDENTIFIER = SR.MyMusicApp;
				PRODUCT_NAME = "$(TARGET_NAME)";
			};
			name = Release;
		};
		305DA3AA1D5A3D6000EB8262 /* Debug */ = {
			isa = XCBuildConfiguration;
			buildSettings = {
				BUNDLE_LOADER = "$(TEST_HOST)";
				INFOPLIST_FILE = MyMusicAppTests/Info.plist;
				LD_RUNPATH_SEARCH_PATHS = "$(inherited) @executable_path/Frameworks @loader_path/Frameworks";
				PRODUCT_BUNDLE_IDENTIFIER = SR.MyMusicAppTests;
				PRODUCT_NAME = "$(TARGET_NAME)";
				TEST_HOST = "$(BUILT_PRODUCTS_DIR)/MyMusicApp.app/MyMusicApp";
			};
			name = Debug;
		};
		305DA3AB1D5A3D6000EB8262 /* Release */ = {
			isa = XCBuildConfiguration;
			buildSettings = {
				BUNDLE_LOADER = "$(TEST_HOST)";
				INFOPLIST_FILE = MyMusicAppTests/Info.plist;
				LD_RUNPATH_SEARCH_PATHS = "$(inherited) @executable_path/Frameworks @loader_path/Frameworks";
				PRODUCT_BUNDLE_IDENTIFIER = SR.MyMusicAppTests;
				PRODUCT_NAME = "$(TARGET_NAME)";
				TEST_HOST = "$(BUILT_PRODUCTS_DIR)/MyMusicApp.app/MyMusicApp";
			};
			name = Release;
		};
		305DA3AD1D5A3D6000EB8262 /* Debug */ = {
			isa = XCBuildConfiguration;
			buildSettings = {
				INFOPLIST_FILE = MyMusicAppUITests/Info.plist;
				LD_RUNPATH_SEARCH_PATHS = "$(inherited) @executable_path/Frameworks @loader_path/Frameworks";
				PRODUCT_BUNDLE_IDENTIFIER = SR.MyMusicAppUITests;
				PRODUCT_NAME = "$(TARGET_NAME)";
				TEST_TARGET_NAME = MyMusicApp;
			};
			name = Debug;
		};
		305DA3AE1D5A3D6000EB8262 /* Release */ = {
			isa = XCBuildConfiguration;
			buildSettings = {
				INFOPLIST_FILE = MyMusicAppUITests/Info.plist;
				LD_RUNPATH_SEARCH_PATHS = "$(inherited) @executable_path/Frameworks @loader_path/Frameworks";
				PRODUCT_BUNDLE_IDENTIFIER = SR.MyMusicAppUITests;
				PRODUCT_NAME = "$(TARGET_NAME)";
				TEST_TARGET_NAME = MyMusicApp;
			};
			name = Release;
		};
/* End XCBuildConfiguration section */

/* Begin XCConfigurationList section */
		305DA3791D5A3D5D00EB8262 /* Build configuration list for PBXProject "MyMusicApp" */ = {
			isa = XCConfigurationList;
			buildConfigurations = (
				305DA3A41D5A3D6000EB8262 /* Debug */,
				305DA3A51D5A3D6000EB8262 /* Release */,
			);
			defaultConfigurationIsVisible = 0;
			defaultConfigurationName = Release;
		};
		305DA3A61D5A3D6000EB8262 /* Build configuration list for PBXNativeTarget "MyMusicApp" */ = {
			isa = XCConfigurationList;
			buildConfigurations = (
				305DA3A71D5A3D6000EB8262 /* Debug */,
				305DA3A81D5A3D6000EB8262 /* Release */,
			);
			defaultConfigurationIsVisible = 0;
		};
		305DA3A91D5A3D6000EB8262 /* Build configuration list for PBXNativeTarget "MyMusicAppTests" */ = {
			isa = XCConfigurationList;
			buildConfigurations = (
				305DA3AA1D5A3D6000EB8262 /* Debug */,
				305DA3AB1D5A3D6000EB8262 /* Release */,
			);
			defaultConfigurationIsVisible = 0;
		};
		305DA3AC1D5A3D6000EB8262 /* Build configuration list for PBXNativeTarget "MyMusicAppUITests" */ = {
			isa = XCConfigurationList;
			buildConfigurations = (
				305DA3AD1D5A3D6000EB8262 /* Debug */,
				305DA3AE1D5A3D6000EB8262 /* Release */,
			);
			defaultConfigurationIsVisible = 0;
		};
/* End XCConfigurationList section */
	};
	rootObject = 305DA3761D5A3D5D00EB8262 /* Project object */;
}
